
Microsoft Visual Studio Solution File, Format Version 12.00
# Visual Studio 15
VisualStudioVersion = 15.0.27428.2015
MinimumVisualStudioVersion = 10.0.40219.1
Project("{FAE04EC0-301F-11D3-BF4B-00C04F79EFBC}") = "DesignPatternsExamples", "ConsoleApp1\DesignPatternsExamples.csproj", "{7F07D0F8-6BF0-47AB-A7D8-A79B1DD9E79B}"
EndProject
Global
	GlobalSection(SolutionConfigurationPlatforms) = preSolution
		Debug|Any CPU = Debug|Any CPU
		Release|Any CPU = Release|Any CPU
	EndGlobalSection
	GlobalSection(ProjectConfigurationPlatforms) = postSolution
		{7F07D0F8-6BF0-47AB-A7D8-A79B1DD9E79B}.Debug|Any CPU.ActiveCfg = Debug|Any CPU
		{7F07D0F8-6BF0-47AB-A7D8-A79B1DD9E79B}.Debug|Any CPU.Build.0 = Debug|Any CPU
		{7F07D0F8-6BF0-47AB-A7D8-A79B1DD9E79B}.Release|Any CPU.ActiveCfg = Release|Any CPU
		{7F07D0F8-6BF0-47AB-A7D8-A79B1DD9E79B}.Release|Any CPU.Build.0 = Release|Any CPU
	EndGlobalSection
	GlobalSection(SolutionProperties) = preSolution
		HideSolutionNode = FALSE
	EndGlobalSection
	GlobalSection(ExtensibilityGlobals) = postSolution
		SolutionGuid = {01D2432D-5461-4503-994D-CD6E39FE7991}
	EndGlobalSection
EndGlobal
